
Microsoft Visual Studio Solution File, Format Version 12.00
# Visual Studio Version 17
VisualStudioVersion = 17.7.34024.191
MinimumVisualStudioVersion = 10.0.40219.1
Project("{FAE04EC0-301F-11D3-BF4B-00C04F79EFBC}") = "GoogleSearchResults", "googlesearchscraper\GoogleSearchResults.csproj", "{29D762FD-661A-47BD-BDD8-4DAE3B362A4E}"
EndProject
Project("{FAE04EC0-301F-11D3-BF4B-00C04F79EFBC}") = "GoogleSearchResult.Test", "GoogleSearchResult.Test\GoogleSearchResult.Test.csproj", "{F93BA0B0-52CE-4703-AF04-96499C301CAA}"
EndProject
Global
	GlobalSection(SolutionConfigurationPlatforms) = preSolution
		Debug|Any CPU = Debug|Any CPU
		Release|Any CPU = Release|Any CPU
	EndGlobalSection
	GlobalSection(ProjectConfigurationPlatforms) = postSolution
		{29D762FD-661A-47BD-BDD8-4DAE3B362A4E}.Debug|Any CPU.ActiveCfg = Debug|Any CPU
		{29D762FD-661A-47BD-BDD8-4DAE3B362A4E}.Debug|Any CPU.Build.0 = Debug|Any CPU
		{29D762FD-661A-47BD-BDD8-4DAE3B362A4E}.Release|Any CPU.ActiveCfg = Release|Any CPU
		{29D762FD-661A-47BD-BDD8-4DAE3B362A4E}.Release|Any CPU.Build.0 = Release|Any CPU
		{F93BA0B0-52CE-4703-AF04-96499C301CAA}.Debug|Any CPU.ActiveCfg = Debug|Any CPU
		{F93BA0B0-52CE-4703-AF04-96499C301CAA}.Debug|Any CPU.Build.0 = Debug|Any CPU
		{F93BA0B0-52CE-4703-AF04-96499C301CAA}.Release|Any CPU.ActiveCfg = Release|Any CPU
		{F93BA0B0-52CE-4703-AF04-96499C301CAA}.Release|Any CPU.Build.0 = Release|Any CPU
	EndGlobalSection
	GlobalSection(SolutionProperties) = preSolution
		HideSolutionNode = FALSE
	EndGlobalSection
	GlobalSection(ExtensibilityGlobals) = postSolution
		SolutionGuid = {E730DF60-B235-4169-99AE-7B0D7F5CAB63}
	EndGlobalSection
EndGlobal
