
Microsoft Visual Studio Solution File, Format Version 12.00
# Visual Studio Version 17
VisualStudioVersion = 17.7.34024.191
MinimumVisualStudioVersion = 10.0.40219.1
Project("{9A19103F-16F7-4668-BE54-9A1E7A4F7556}") = "GoogleSearchResults", "googlesearchscraper\GoogleSearchResults.csproj", "{A1FF9CE6-A455-4C40-A5A9-569B5F3F9476}"
EndProject
Project("{9A19103F-16F7-4668-BE54-9A1E7A4F7556}") = "GoogleSearchResult.Test", "GoogleSearchResult.Test\GoogleSearchResult.Test.csproj", "{DE8EDAE3-F76F-460C-AD64-CE29CB7B66BC}"
EndProject
Global
	GlobalSection(SolutionConfigurationPlatforms) = preSolution
		Debug|Any CPU = Debug|Any CPU
		Release|Any CPU = Release|Any CPU
	EndGlobalSection
	GlobalSection(ProjectConfigurationPlatforms) = postSolution
		{A1FF9CE6-A455-4C40-A5A9-569B5F3F9476}.Debug|Any CPU.ActiveCfg = Debug|Any CPU
		{A1FF9CE6-A455-4C40-A5A9-569B5F3F9476}.Debug|Any CPU.Build.0 = Debug|Any CPU
		{A1FF9CE6-A455-4C40-A5A9-569B5F3F9476}.Release|Any CPU.ActiveCfg = Release|Any CPU
		{A1FF9CE6-A455-4C40-A5A9-569B5F3F9476}.Release|Any CPU.Build.0 = Release|Any CPU
		{DE8EDAE3-F76F-460C-AD64-CE29CB7B66BC}.Debug|Any CPU.ActiveCfg = Debug|Any CPU
		{DE8EDAE3-F76F-460C-AD64-CE29CB7B66BC}.Debug|Any CPU.Build.0 = Debug|Any CPU
		{DE8EDAE3-F76F-460C-AD64-CE29CB7B66BC}.Release|Any CPU.ActiveCfg = Release|Any CPU
		{DE8EDAE3-F76F-460C-AD64-CE29CB7B66BC}.Release|Any CPU.Build.0 = Release|Any CPU
	EndGlobalSection
	GlobalSection(SolutionProperties) = preSolution
		HideSolutionNode = FALSE
	EndGlobalSection
	GlobalSection(ExtensibilityGlobals) = postSolution
		SolutionGuid = {BD53D726-E255-407B-AD7E-61CA8F4365F2}
	EndGlobalSection
EndGlobal
